
Microsoft Visual Studio Solution File, Format Version 12.00
# Visual Studio 15
VisualStudioVersion = 15.0.27703.2035
MinimumVisualStudioVersion = 10.0.40219.1
Project("{9A19103F-16F7-4668-BE54-9A1E7A4F7556}") = "Tutoring.Api", "Tutoring.Api\Tutoring.Api.csproj", "{21301F2C-73E5-4F69-B026-4CAF8BBAA461}"
EndProject
Project("{9A19103F-16F7-4668-BE54-9A1E7A4F7556}") = "Tutoring.Core", "Tutoring.Core\Tutoring.Core.csproj", "{42D91988-2C02-46A0-87D0-51F479F54C5F}"
EndProject
Project("{9A19103F-16F7-4668-BE54-9A1E7A4F7556}") = "Tutoring.Infrastructure", "Tutoring.Infrastructure\Tutoring.Infrastructure.csproj", "{DDCA5E91-3587-48C9-897C-FF636A8A5D5D}"
EndProject
Project("{9A19103F-16F7-4668-BE54-9A1E7A4F7556}") = "Tutoring.Tests", "Tutoring.Tests\Tutoring.Tests.csproj", "{A51E067C-EA07-4664-B95E-109F9CC91330}"
EndProject
Project("{9A19103F-16F7-4668-BE54-9A1E7A4F7556}") = "Tutoring.Tests.EndToEnd", "Tutoring.Tests.EndToEnd\Tutoring.Tests.EndToEnd.csproj", "{F4533911-C6D1-4C6D-B343-B5D90224E24A}"
EndProject
Global
	GlobalSection(SolutionConfigurationPlatforms) = preSolution
		Debug|Any CPU = Debug|Any CPU
		Release|Any CPU = Release|Any CPU
	EndGlobalSection
	GlobalSection(ProjectConfigurationPlatforms) = postSolution
		{21301F2C-73E5-4F69-B026-4CAF8BBAA461}.Debug|Any CPU.ActiveCfg = Debug|Any CPU
		{21301F2C-73E5-4F69-B026-4CAF8BBAA461}.Debug|Any CPU.Build.0 = Debug|Any CPU
		{21301F2C-73E5-4F69-B026-4CAF8BBAA461}.Release|Any CPU.ActiveCfg = Release|Any CPU
		{21301F2C-73E5-4F69-B026-4CAF8BBAA461}.Release|Any CPU.Build.0 = Release|Any CPU
		{42D91988-2C02-46A0-87D0-51F479F54C5F}.Debug|Any CPU.ActiveCfg = Debug|Any CPU
		{42D91988-2C02-46A0-87D0-51F479F54C5F}.Debug|Any CPU.Build.0 = Debug|Any CPU
		{42D91988-2C02-46A0-87D0-51F479F54C5F}.Release|Any CPU.ActiveCfg = Release|Any CPU
		{42D91988-2C02-46A0-87D0-51F479F54C5F}.Release|Any CPU.Build.0 = Release|Any CPU
		{DDCA5E91-3587-48C9-897C-FF636A8A5D5D}.Debug|Any CPU.ActiveCfg = Debug|Any CPU
		{DDCA5E91-3587-48C9-897C-FF636A8A5D5D}.Debug|Any CPU.Build.0 = Debug|Any CPU
		{DDCA5E91-3587-48C9-897C-FF636A8A5D5D}.Release|Any CPU.ActiveCfg = Release|Any CPU
		{DDCA5E91-3587-48C9-897C-FF636A8A5D5D}.Release|Any CPU.Build.0 = Release|Any CPU
		{A51E067C-EA07-4664-B95E-109F9CC91330}.Debug|Any CPU.ActiveCfg = Debug|Any CPU
		{A51E067C-EA07-4664-B95E-109F9CC91330}.Debug|Any CPU.Build.0 = Debug|Any CPU
		{A51E067C-EA07-4664-B95E-109F9CC91330}.Release|Any CPU.ActiveCfg = Release|Any CPU
		{A51E067C-EA07-4664-B95E-109F9CC91330}.Release|Any CPU.Build.0 = Release|Any CPU
		{F4533911-C6D1-4C6D-B343-B5D90224E24A}.Debug|Any CPU.ActiveCfg = Debug|Any CPU
		{F4533911-C6D1-4C6D-B343-B5D90224E24A}.Debug|Any CPU.Build.0 = Debug|Any CPU
		{F4533911-C6D1-4C6D-B343-B5D90224E24A}.Release|Any CPU.ActiveCfg = Release|Any CPU
		{F4533911-C6D1-4C6D-B343-B5D90224E24A}.Release|Any CPU.Build.0 = Release|Any CPU
	EndGlobalSection
	GlobalSection(SolutionProperties) = preSolution
		HideSolutionNode = FALSE
	EndGlobalSection
	GlobalSection(ExtensibilityGlobals) = postSolution
		SolutionGuid = {7D8944B2-B754-4C1D-ADE3-76B9C1C6EE74}
	EndGlobalSection
EndGlobal
